
Microsoft Visual Studio Solution File, Format Version 12.00
# Visual Studio 15
VisualStudioVersion = 15.0.27428.2002
MinimumVisualStudioVersion = 10.0.40219.1
Project("{FAE04EC0-301F-11D3-BF4B-00C04F79EFBC}") = "Timer", "Timer\Timer.csproj", "{CF21B702-7D4F-4C03-B78A-C21803BD9DAC}"
EndProject
Project("{FAE04EC0-301F-11D3-BF4B-00C04F79EFBC}") = "TimerApp", "TimerApp\TimerApp.csproj", "{0D56CECA-DC1E-4265-A5DB-A012FA3FB652}"
EndProject
Global
	GlobalSection(SolutionConfigurationPlatforms) = preSolution
		Debug|Any CPU = Debug|Any CPU
		Release|Any CPU = Release|Any CPU
	EndGlobalSection
	GlobalSection(ProjectConfigurationPlatforms) = postSolution
		{CF21B702-7D4F-4C03-B78A-C21803BD9DAC}.Debug|Any CPU.ActiveCfg = Debug|Any CPU
		{CF21B702-7D4F-4C03-B78A-C21803BD9DAC}.Debug|Any CPU.Build.0 = Debug|Any CPU
		{CF21B702-7D4F-4C03-B78A-C21803BD9DAC}.Release|Any CPU.ActiveCfg = Release|Any CPU
		{CF21B702-7D4F-4C03-B78A-C21803BD9DAC}.Release|Any CPU.Build.0 = Release|Any CPU
		{0D56CECA-DC1E-4265-A5DB-A012FA3FB652}.Debug|Any CPU.ActiveCfg = Debug|Any CPU
		{0D56CECA-DC1E-4265-A5DB-A012FA3FB652}.Debug|Any CPU.Build.0 = Debug|Any CPU
		{0D56CECA-DC1E-4265-A5DB-A012FA3FB652}.Release|Any CPU.ActiveCfg = Release|Any CPU
		{0D56CECA-DC1E-4265-A5DB-A012FA3FB652}.Release|Any CPU.Build.0 = Release|Any CPU
	EndGlobalSection
	GlobalSection(SolutionProperties) = preSolution
		HideSolutionNode = FALSE
	EndGlobalSection
	GlobalSection(ExtensibilityGlobals) = postSolution
		SolutionGuid = {E89CFF1D-0293-4203-B8B1-2EB9E15669E4}
	EndGlobalSection
EndGlobal
