
Microsoft Visual Studio Solution File, Format Version 12.00
# Visual Studio 15
VisualStudioVersion = 15.0.27428.2002
MinimumVisualStudioVersion = 10.0.40219.1
Project("{FAE04EC0-301F-11D3-BF4B-00C04F79EFBC}") = "ArraySorts", "ArraySorts\ArraySorts.csproj", "{0E888D81-8E56-4FFA-AA42-87AB1B9030ED}"
EndProject
Project("{FAE04EC0-301F-11D3-BF4B-00C04F79EFBC}") = "ArraySorts.Tests", "ArraySorts.Tests\ArraySorts.Tests.csproj", "{44DBC8FB-7859-47BC-8349-7BFE1015E294}"
EndProject
Project("{FAE04EC0-301F-11D3-BF4B-00C04F79EFBC}") = "MultiFileStrongNamedAssembly", "MultiFileStrongNamedAssembly\MultiFileStrongNamedAssembly.csproj", "{5AFBC5AA-AC66-4D2D-B903-E295C48F4072}"
EndProject
Project("{FAE04EC0-301F-11D3-BF4B-00C04F79EFBC}") = "ConsoleAppForMultiFileStrongNamedAssembly", "ConsoleAppForMultiFileStrongNamedAssembly\ConsoleAppForMultiFileStrongNamedAssembly.csproj", "{D6BAAD97-4046-49AB-A2FC-9E76A116DA15}"
EndProject
Global
	GlobalSection(SolutionConfigurationPlatforms) = preSolution
		Debug|Any CPU = Debug|Any CPU
		Release|Any CPU = Release|Any CPU
	EndGlobalSection
	GlobalSection(ProjectConfigurationPlatforms) = postSolution
		{0E888D81-8E56-4FFA-AA42-87AB1B9030ED}.Debug|Any CPU.ActiveCfg = Debug|Any CPU
		{0E888D81-8E56-4FFA-AA42-87AB1B9030ED}.Debug|Any CPU.Build.0 = Debug|Any CPU
		{0E888D81-8E56-4FFA-AA42-87AB1B9030ED}.Release|Any CPU.ActiveCfg = Release|Any CPU
		{0E888D81-8E56-4FFA-AA42-87AB1B9030ED}.Release|Any CPU.Build.0 = Release|Any CPU
		{44DBC8FB-7859-47BC-8349-7BFE1015E294}.Debug|Any CPU.ActiveCfg = Debug|Any CPU
		{44DBC8FB-7859-47BC-8349-7BFE1015E294}.Debug|Any CPU.Build.0 = Debug|Any CPU
		{44DBC8FB-7859-47BC-8349-7BFE1015E294}.Release|Any CPU.ActiveCfg = Release|Any CPU
		{44DBC8FB-7859-47BC-8349-7BFE1015E294}.Release|Any CPU.Build.0 = Release|Any CPU
		{5AFBC5AA-AC66-4D2D-B903-E295C48F4072}.Debug|Any CPU.ActiveCfg = Debug|Any CPU
		{5AFBC5AA-AC66-4D2D-B903-E295C48F4072}.Debug|Any CPU.Build.0 = Debug|Any CPU
		{5AFBC5AA-AC66-4D2D-B903-E295C48F4072}.Release|Any CPU.ActiveCfg = Release|Any CPU
		{5AFBC5AA-AC66-4D2D-B903-E295C48F4072}.Release|Any CPU.Build.0 = Release|Any CPU
		{D6BAAD97-4046-49AB-A2FC-9E76A116DA15}.Debug|Any CPU.ActiveCfg = Debug|Any CPU
		{D6BAAD97-4046-49AB-A2FC-9E76A116DA15}.Debug|Any CPU.Build.0 = Debug|Any CPU
		{D6BAAD97-4046-49AB-A2FC-9E76A116DA15}.Release|Any CPU.ActiveCfg = Release|Any CPU
		{D6BAAD97-4046-49AB-A2FC-9E76A116DA15}.Release|Any CPU.Build.0 = Release|Any CPU
	EndGlobalSection
	GlobalSection(SolutionProperties) = preSolution
		HideSolutionNode = FALSE
	EndGlobalSection
	GlobalSection(ExtensibilityGlobals) = postSolution
		SolutionGuid = {9D0136A8-D5D0-441C-8403-AF452A36D678}
	EndGlobalSection
EndGlobal
