
Microsoft Visual Studio Solution File, Format Version 12.00
# Visual Studio 15
VisualStudioVersion = 15.0.27428.2002
MinimumVisualStudioVersion = 10.0.40219.1
Project("{FAE04EC0-301F-11D3-BF4B-00C04F79EFBC}") = "Task1", "Task1\Task1.csproj", "{7F39D0B0-35CC-43AB-8E5B-E61CDE132555}"
EndProject
Project("{FAE04EC0-301F-11D3-BF4B-00C04F79EFBC}") = "Task1.Tests", "Task1.Tests\Task1.Tests.csproj", "{FBF48855-E72C-4DA8-99B5-7605F339BD16}"
EndProject
Project("{FAE04EC0-301F-11D3-BF4B-00C04F79EFBC}") = "Task1_ver2", "Task1_ver2\Task1_ver2.csproj", "{F68CB608-81DD-418D-BF34-7C6B7A91606B}"
EndProject
Project("{FAE04EC0-301F-11D3-BF4B-00C04F79EFBC}") = "Task1_ver2.Tests", "Task1_ver2.Tests\Task1_ver2.Tests.csproj", "{F5B7F0A4-6365-4B99-88FC-EC8D2912106E}"
EndProject
Global
	GlobalSection(SolutionConfigurationPlatforms) = preSolution
		Debug|Any CPU = Debug|Any CPU
		Release|Any CPU = Release|Any CPU
	EndGlobalSection
	GlobalSection(ProjectConfigurationPlatforms) = postSolution
		{7F39D0B0-35CC-43AB-8E5B-E61CDE132555}.Debug|Any CPU.ActiveCfg = Debug|Any CPU
		{7F39D0B0-35CC-43AB-8E5B-E61CDE132555}.Debug|Any CPU.Build.0 = Debug|Any CPU
		{7F39D0B0-35CC-43AB-8E5B-E61CDE132555}.Release|Any CPU.ActiveCfg = Release|Any CPU
		{7F39D0B0-35CC-43AB-8E5B-E61CDE132555}.Release|Any CPU.Build.0 = Release|Any CPU
		{FBF48855-E72C-4DA8-99B5-7605F339BD16}.Debug|Any CPU.ActiveCfg = Debug|Any CPU
		{FBF48855-E72C-4DA8-99B5-7605F339BD16}.Debug|Any CPU.Build.0 = Debug|Any CPU
		{FBF48855-E72C-4DA8-99B5-7605F339BD16}.Release|Any CPU.ActiveCfg = Release|Any CPU
		{FBF48855-E72C-4DA8-99B5-7605F339BD16}.Release|Any CPU.Build.0 = Release|Any CPU
		{F68CB608-81DD-418D-BF34-7C6B7A91606B}.Debug|Any CPU.ActiveCfg = Debug|Any CPU
		{F68CB608-81DD-418D-BF34-7C6B7A91606B}.Debug|Any CPU.Build.0 = Debug|Any CPU
		{F68CB608-81DD-418D-BF34-7C6B7A91606B}.Release|Any CPU.ActiveCfg = Release|Any CPU
		{F68CB608-81DD-418D-BF34-7C6B7A91606B}.Release|Any CPU.Build.0 = Release|Any CPU
		{F5B7F0A4-6365-4B99-88FC-EC8D2912106E}.Debug|Any CPU.ActiveCfg = Debug|Any CPU
		{F5B7F0A4-6365-4B99-88FC-EC8D2912106E}.Debug|Any CPU.Build.0 = Debug|Any CPU
		{F5B7F0A4-6365-4B99-88FC-EC8D2912106E}.Release|Any CPU.ActiveCfg = Release|Any CPU
		{F5B7F0A4-6365-4B99-88FC-EC8D2912106E}.Release|Any CPU.Build.0 = Release|Any CPU
	EndGlobalSection
	GlobalSection(SolutionProperties) = preSolution
		HideSolutionNode = FALSE
	EndGlobalSection
	GlobalSection(ExtensibilityGlobals) = postSolution
		SolutionGuid = {847D2548-4591-4072-8DAD-E98D405D051B}
	EndGlobalSection
EndGlobal
