
Microsoft Visual Studio Solution File, Format Version 12.00
# Visual Studio 15
VisualStudioVersion = 15.0.27428.2002
MinimumVisualStudioVersion = 10.0.40219.1
Project("{FAE04EC0-301F-11D3-BF4B-00C04F79EFBC}") = "Task1Library", "Task1Library\Task1Library.csproj", "{A8D33D42-D087-4543-9C52-76E8F4C296B2}"
EndProject
Project("{FAE04EC0-301F-11D3-BF4B-00C04F79EFBC}") = "Task1Library.Tests", "Task1Library.Tests\Task1Library.Tests.csproj", "{869B34F0-4D1D-47B5-9A02-904C2A5127E9}"
EndProject
Project("{FAE04EC0-301F-11D3-BF4B-00C04F79EFBC}") = "Task2Library", "Task2Library\Task2Library.csproj", "{4C56C25C-1743-4635-9E7C-CEE3180A9D97}"
EndProject
Project("{FAE04EC0-301F-11D3-BF4B-00C04F79EFBC}") = "Task3Library", "Task3Library\Task3Library.csproj", "{390B53DB-7B0E-42B4-9D47-53012BB9222B}"
EndProject
Project("{FAE04EC0-301F-11D3-BF4B-00C04F79EFBC}") = "Task3Library.Tests", "Task3Library.Tests\Task3Library.Tests.csproj", "{6F57B128-1876-4719-B2E4-264E9655AA3B}"
EndProject
Project("{FAE04EC0-301F-11D3-BF4B-00C04F79EFBC}") = "Task2Library.Tests", "Task2Library.Tests\Task2Library.Tests.csproj", "{26EFDFD1-1989-4E57-849A-0AA389562105}"
EndProject
Global
	GlobalSection(SolutionConfigurationPlatforms) = preSolution
		Debug|Any CPU = Debug|Any CPU
		Release|Any CPU = Release|Any CPU
	EndGlobalSection
	GlobalSection(ProjectConfigurationPlatforms) = postSolution
		{A8D33D42-D087-4543-9C52-76E8F4C296B2}.Debug|Any CPU.ActiveCfg = Debug|Any CPU
		{A8D33D42-D087-4543-9C52-76E8F4C296B2}.Debug|Any CPU.Build.0 = Debug|Any CPU
		{A8D33D42-D087-4543-9C52-76E8F4C296B2}.Release|Any CPU.ActiveCfg = Release|Any CPU
		{A8D33D42-D087-4543-9C52-76E8F4C296B2}.Release|Any CPU.Build.0 = Release|Any CPU
		{869B34F0-4D1D-47B5-9A02-904C2A5127E9}.Debug|Any CPU.ActiveCfg = Debug|Any CPU
		{869B34F0-4D1D-47B5-9A02-904C2A5127E9}.Debug|Any CPU.Build.0 = Debug|Any CPU
		{869B34F0-4D1D-47B5-9A02-904C2A5127E9}.Release|Any CPU.ActiveCfg = Release|Any CPU
		{869B34F0-4D1D-47B5-9A02-904C2A5127E9}.Release|Any CPU.Build.0 = Release|Any CPU
		{4C56C25C-1743-4635-9E7C-CEE3180A9D97}.Debug|Any CPU.ActiveCfg = Debug|Any CPU
		{4C56C25C-1743-4635-9E7C-CEE3180A9D97}.Debug|Any CPU.Build.0 = Debug|Any CPU
		{4C56C25C-1743-4635-9E7C-CEE3180A9D97}.Release|Any CPU.ActiveCfg = Release|Any CPU
		{4C56C25C-1743-4635-9E7C-CEE3180A9D97}.Release|Any CPU.Build.0 = Release|Any CPU
		{390B53DB-7B0E-42B4-9D47-53012BB9222B}.Debug|Any CPU.ActiveCfg = Debug|Any CPU
		{390B53DB-7B0E-42B4-9D47-53012BB9222B}.Debug|Any CPU.Build.0 = Debug|Any CPU
		{390B53DB-7B0E-42B4-9D47-53012BB9222B}.Release|Any CPU.ActiveCfg = Release|Any CPU
		{390B53DB-7B0E-42B4-9D47-53012BB9222B}.Release|Any CPU.Build.0 = Release|Any CPU
		{6F57B128-1876-4719-B2E4-264E9655AA3B}.Debug|Any CPU.ActiveCfg = Debug|Any CPU
		{6F57B128-1876-4719-B2E4-264E9655AA3B}.Debug|Any CPU.Build.0 = Debug|Any CPU
		{6F57B128-1876-4719-B2E4-264E9655AA3B}.Release|Any CPU.ActiveCfg = Release|Any CPU
		{6F57B128-1876-4719-B2E4-264E9655AA3B}.Release|Any CPU.Build.0 = Release|Any CPU
		{26EFDFD1-1989-4E57-849A-0AA389562105}.Debug|Any CPU.ActiveCfg = Debug|Any CPU
		{26EFDFD1-1989-4E57-849A-0AA389562105}.Debug|Any CPU.Build.0 = Debug|Any CPU
		{26EFDFD1-1989-4E57-849A-0AA389562105}.Release|Any CPU.ActiveCfg = Release|Any CPU
		{26EFDFD1-1989-4E57-849A-0AA389562105}.Release|Any CPU.Build.0 = Release|Any CPU
	EndGlobalSection
	GlobalSection(SolutionProperties) = preSolution
		HideSolutionNode = FALSE
	EndGlobalSection
	GlobalSection(ExtensibilityGlobals) = postSolution
		SolutionGuid = {1DEF6BF7-BF40-4FA5-8FC4-CD1B772EAA10}
	EndGlobalSection
EndGlobal
