
Microsoft Visual Studio Solution File, Format Version 12.00
# Visual Studio 15
VisualStudioVersion = 15.0.27428.2002
MinimumVisualStudioVersion = 10.0.40219.1
Project("{FAE04EC0-301F-11D3-BF4B-00C04F79EFBC}") = "Task1", "Task1\Task1.csproj", "{83B8DE2F-EE42-47F8-A78D-AF8AC6E1163A}"
EndProject
Project("{FAE04EC0-301F-11D3-BF4B-00C04F79EFBC}") = "Task2", "Task2\Task2.csproj", "{939329EB-A227-4325-BCED-3ECC712BEDD1}"
EndProject
Project("{FAE04EC0-301F-11D3-BF4B-00C04F79EFBC}") = "Task1.Tests", "Task1.Tests\Task1.Tests.csproj", "{D1951649-4EAA-4609-867D-EB0500488604}"
EndProject
Project("{FAE04EC0-301F-11D3-BF4B-00C04F79EFBC}") = "Task2.Tests", "Task2.Tests\Task2.Tests.csproj", "{0131FD36-FBF5-4467-9808-505A0C454CE8}"
EndProject
Global
	GlobalSection(SolutionConfigurationPlatforms) = preSolution
		Debug|Any CPU = Debug|Any CPU
		Release|Any CPU = Release|Any CPU
	EndGlobalSection
	GlobalSection(ProjectConfigurationPlatforms) = postSolution
		{83B8DE2F-EE42-47F8-A78D-AF8AC6E1163A}.Debug|Any CPU.ActiveCfg = Debug|Any CPU
		{83B8DE2F-EE42-47F8-A78D-AF8AC6E1163A}.Debug|Any CPU.Build.0 = Debug|Any CPU
		{83B8DE2F-EE42-47F8-A78D-AF8AC6E1163A}.Release|Any CPU.ActiveCfg = Release|Any CPU
		{83B8DE2F-EE42-47F8-A78D-AF8AC6E1163A}.Release|Any CPU.Build.0 = Release|Any CPU
		{939329EB-A227-4325-BCED-3ECC712BEDD1}.Debug|Any CPU.ActiveCfg = Debug|Any CPU
		{939329EB-A227-4325-BCED-3ECC712BEDD1}.Debug|Any CPU.Build.0 = Debug|Any CPU
		{939329EB-A227-4325-BCED-3ECC712BEDD1}.Release|Any CPU.ActiveCfg = Release|Any CPU
		{939329EB-A227-4325-BCED-3ECC712BEDD1}.Release|Any CPU.Build.0 = Release|Any CPU
		{D1951649-4EAA-4609-867D-EB0500488604}.Debug|Any CPU.ActiveCfg = Debug|Any CPU
		{D1951649-4EAA-4609-867D-EB0500488604}.Debug|Any CPU.Build.0 = Debug|Any CPU
		{D1951649-4EAA-4609-867D-EB0500488604}.Release|Any CPU.ActiveCfg = Release|Any CPU
		{D1951649-4EAA-4609-867D-EB0500488604}.Release|Any CPU.Build.0 = Release|Any CPU
		{0131FD36-FBF5-4467-9808-505A0C454CE8}.Debug|Any CPU.ActiveCfg = Debug|Any CPU
		{0131FD36-FBF5-4467-9808-505A0C454CE8}.Debug|Any CPU.Build.0 = Debug|Any CPU
		{0131FD36-FBF5-4467-9808-505A0C454CE8}.Release|Any CPU.ActiveCfg = Release|Any CPU
		{0131FD36-FBF5-4467-9808-505A0C454CE8}.Release|Any CPU.Build.0 = Release|Any CPU
	EndGlobalSection
	GlobalSection(SolutionProperties) = preSolution
		HideSolutionNode = FALSE
	EndGlobalSection
	GlobalSection(ExtensibilityGlobals) = postSolution
		SolutionGuid = {CF3CC39E-FDBB-45B6-85FE-48468563CC50}
	EndGlobalSection
EndGlobal
