
Microsoft Visual Studio Solution File, Format Version 12.00
# Visual Studio 15
VisualStudioVersion = 15.0.27428.2002
MinimumVisualStudioVersion = 10.0.40219.1
Project("{FAE04EC0-301F-11D3-BF4B-00C04F79EFBC}") = "BankLibrary", "BankLibrary\BankLibrary.csproj", "{5E8AC4BF-2137-4D70-BD79-CD7D84F71F51}"
EndProject
Project("{FAE04EC0-301F-11D3-BF4B-00C04F79EFBC}") = "ConsoleApp1", "ConsoleApp1\ConsoleApp1.csproj", "{C2753BA8-9AA6-4D8C-B740-628A30905AD2}"
EndProject
Global
	GlobalSection(SolutionConfigurationPlatforms) = preSolution
		Debug|Any CPU = Debug|Any CPU
		Release|Any CPU = Release|Any CPU
	EndGlobalSection
	GlobalSection(ProjectConfigurationPlatforms) = postSolution
		{5E8AC4BF-2137-4D70-BD79-CD7D84F71F51}.Debug|Any CPU.ActiveCfg = Debug|Any CPU
		{5E8AC4BF-2137-4D70-BD79-CD7D84F71F51}.Debug|Any CPU.Build.0 = Debug|Any CPU
		{5E8AC4BF-2137-4D70-BD79-CD7D84F71F51}.Release|Any CPU.ActiveCfg = Release|Any CPU
		{5E8AC4BF-2137-4D70-BD79-CD7D84F71F51}.Release|Any CPU.Build.0 = Release|Any CPU
		{C2753BA8-9AA6-4D8C-B740-628A30905AD2}.Debug|Any CPU.ActiveCfg = Debug|Any CPU
		{C2753BA8-9AA6-4D8C-B740-628A30905AD2}.Debug|Any CPU.Build.0 = Debug|Any CPU
		{C2753BA8-9AA6-4D8C-B740-628A30905AD2}.Release|Any CPU.ActiveCfg = Release|Any CPU
		{C2753BA8-9AA6-4D8C-B740-628A30905AD2}.Release|Any CPU.Build.0 = Release|Any CPU
	EndGlobalSection
	GlobalSection(SolutionProperties) = preSolution
		HideSolutionNode = FALSE
	EndGlobalSection
	GlobalSection(ExtensibilityGlobals) = postSolution
		SolutionGuid = {48D685C4-9423-4EC5-B50C-88B68EDB9251}
	EndGlobalSection
EndGlobal
